<?xml version="1.0" encoding="utf-8"?>
<Project ToolsVersion="4.0" xmlns="http://schemas.microsoft.com/developer/msbuild/2003">
  <ItemGroup>
    <Filter Include="src">
      <UniqueIdentifier>{b425140f-7e52-4d9e-8d11-eec05fc2cca8}</UniqueIdentifier>
    </Filter>
    <Filter Include="src\External">
      <UniqueIdentifier>{12f5fc36-bd8d-4a6a-8ed1-fb93e13f454c}</UniqueIdentifier>
    </Filter>
    <Filter Include="src\External\SpirvReflect">
      <UniqueIdentifier>{5db63512-1cdd-43b7-9e0a-e5de32815bd4}</UniqueIdentifier>
    </Filter>
  </ItemGroup>
  <ItemGroup>
    <ClCompile Include="..\..\External\SPIRV-Reflect-master\spirv_reflect.c">
      <Filter>src\External\SpirvReflect</Filter>
    </ClCompile>
    <ClCompile Include="..\..\src\Renderer\BasicGeometry.cpp">
      <Filter>src</Filter>
    </ClCompile>
    <ClCompile Include="..\..\src\Renderer\Renderer.cpp">
      <Filter>src</Filter>
    </ClCompile>
    <ClCompile Include="..\..\External\VulkanMemoryAllocator-master\src\VmaUsage.cpp" />
    <ClCompile Include="..\..\src\Renderer\ModelLoader.cpp">
      <Filter>src</Filter>
    </ClCompile>
  </ItemGroup>
  <ItemGroup>
    <ClInclude Include="..\External\VulkanMemoryAllocator-master\src\vk_mem_alloc.h">
      <Filter>src</Filter>
    </ClInclude>
    <ClInclude Include="..\..\External\SPIRV-Reflect-master\spirv_reflect.h">
      <Filter>src\External\SpirvReflect</Filter>
    </ClInclude>
    <ClInclude Include="..\..\..\..\..\VulkanSDK\1.2.141.2\Include\spirv_cross\spirv_reflect.hpp">
      <Filter>src\External\SpirvReflect</Filter>
    </ClInclude>
    <ClInclude Include="..\..\src\Renderer\BasicGeometry.h">
      <Filter>src</Filter>
    </ClInclude>
    <ClInclude Include="..\..\src\Renderer\Reflection.h">
      <Filter>src</Filter>
    </ClInclude>
    <ClInclude Include="..\..\src\Renderer\Renderer.h">
      <Filter>src</Filter>
    </ClInclude>
    <ClInclude Include="..\..\External\VulkanMemoryAllocator-master\src\VmaUsage.h" />
    <ClInclude Include="..\..\src\Renderer\ModelLoader.h">
      <Filter>src</Filter>
    </ClInclude>
  </ItemGroup>
</Project>