<?xml version="1.0" encoding="utf-8"?>
<Project ToolsVersion="4.0" xmlns="http://schemas.microsoft.com/developer/msbuild/2003">
  <ItemGroup>
    <Filter Include="src">
      <UniqueIdentifier>{b425140f-7e52-4d9e-8d11-eec05fc2cca8}</UniqueIdentifier>
    </Filter>
    <Filter Include="src\External">
      <UniqueIdentifier>{12f5fc36-bd8d-4a6a-8ed1-fb93e13f454c}</UniqueIdentifier>
    </Filter>
  </ItemGroup>
  <ItemGroup>
    <ClCompile Include="..\..\src\Renderer\Renderer.cpp">
      <Filter>src</Filter>
    </ClCompile>
    <ClCompile Include="..\..\External\VulkanMemoryAllocator-master\src\VmaUsage.cpp" />
    <ClCompile Include="..\..\src\Renderer\ShaderReflection.cpp">
      <Filter>src</Filter>
    </ClCompile>
  </ItemGroup>
  <ItemGroup>
    <ClInclude Include="..\..\src\Renderer\Renderer.h">
      <Filter>src</Filter>
    </ClInclude>
    <ClInclude Include="..\..\External\VulkanMemoryAllocator-master\src\VmaUsage.h" />
    <ClInclude Include="..\..\src\Renderer\TextureVK.h">
      <Filter>src</Filter>
    </ClInclude>
    <ClInclude Include="..\..\src\Renderer\GraphicsDevice.h">
      <Filter>src</Filter>
    </ClInclude>
    <ClInclude Include="..\..\src\Renderer\Queue.h">
      <Filter>src</Filter>
    </ClInclude>
    <ClInclude Include="..\..\src\Renderer\Swapchain.h">
      <Filter>src</Filter>
    </ClInclude>
    <ClInclude Include="..\..\src\Renderer\BufferGPU.h">
      <Filter>src</Filter>
    </ClInclude>
    <ClInclude Include="..\..\src\Renderer\RenderContext.h">
      <Filter>src</Filter>
    </ClInclude>
    <ClInclude Include="..\..\src\Renderer\DescriptorPool.h">
      <Filter>src</Filter>
    </ClInclude>
    <ClInclude Include="..\..\src\Renderer\RenderTarget.h">
      <Filter>src</Filter>
    </ClInclude>
    <ClInclude Include="..\..\src\Renderer\ShaderReflection.h">
      <Filter>src</Filter>
    </ClInclude>
    <ClInclude Include="..\..\src\Renderer\RootSignature.h">
      <Filter>src</Filter>
    </ClInclude>
    <ClInclude Include="..\..\src\Renderer\Shader.h">
      <Filter>src</Filter>
    </ClInclude>
  </ItemGroup>
</Project>