
Microsoft Visual Studio Solution File, Format Version 12.00
# Visual Studio Version 16
VisualStudioVersion = 16.0.30204.135
MinimumVisualStudioVersion = 10.0.40219.1
Project("{8BC9CEB8-8B4A-11D0-8D11-00A0C91BC942}") = "Renderer", "Projects\Renderer\Renderer.vcxproj", "{439AC099-9CDA-4412-B339-E1C43E37661C}"
EndProject
Project("{8BC9CEB8-8B4A-11D0-8D11-00A0C91BC942}") = "Common", "Projects\Common\Common.vcxproj", "{8AFBE247-EA35-4827-A759-8021BACD1027}"
EndProject
Project("{8BC9CEB8-8B4A-11D0-8D11-00A0C91BC942}") = "Application", "Projects\Application\Application.vcxproj", "{052A749F-2CB1-4565-9B6C-45BEA9BDF131}"
	ProjectSection(ProjectDependencies) = postProject
		{8AFBE247-EA35-4827-A759-8021BACD1027} = {8AFBE247-EA35-4827-A759-8021BACD1027}
		{439AC099-9CDA-4412-B339-E1C43E37661C} = {439AC099-9CDA-4412-B339-E1C43E37661C}
	EndProjectSection
EndProject
Project("{8BC9CEB8-8B4A-11D0-8D11-00A0C91BC942}") = "ApplicationTest", "Projects\ApplicationTest\ApplicationTest.vcxproj", "{0178E6EA-78FB-46E1-9F5E-CD25E9985D69}"
EndProject
Global
	GlobalSection(SolutionConfigurationPlatforms) = preSolution
		Debug|x64 = Debug|x64
		Debug|x86 = Debug|x86
		Release|x64 = Release|x64
		Release|x86 = Release|x86
	EndGlobalSection
	GlobalSection(ProjectConfigurationPlatforms) = postSolution
		{439AC099-9CDA-4412-B339-E1C43E37661C}.Debug|x64.ActiveCfg = Debug|x64
		{439AC099-9CDA-4412-B339-E1C43E37661C}.Debug|x64.Build.0 = Debug|x64
		{439AC099-9CDA-4412-B339-E1C43E37661C}.Debug|x86.ActiveCfg = Debug|Win32
		{439AC099-9CDA-4412-B339-E1C43E37661C}.Debug|x86.Build.0 = Debug|Win32
		{439AC099-9CDA-4412-B339-E1C43E37661C}.Release|x64.ActiveCfg = Release|x64
		{439AC099-9CDA-4412-B339-E1C43E37661C}.Release|x64.Build.0 = Release|x64
		{439AC099-9CDA-4412-B339-E1C43E37661C}.Release|x86.ActiveCfg = Release|Win32
		{439AC099-9CDA-4412-B339-E1C43E37661C}.Release|x86.Build.0 = Release|Win32
		{8AFBE247-EA35-4827-A759-8021BACD1027}.Debug|x64.ActiveCfg = Debug|x64
		{8AFBE247-EA35-4827-A759-8021BACD1027}.Debug|x64.Build.0 = Debug|x64
		{8AFBE247-EA35-4827-A759-8021BACD1027}.Debug|x86.ActiveCfg = Debug|Win32
		{8AFBE247-EA35-4827-A759-8021BACD1027}.Debug|x86.Build.0 = Debug|Win32
		{8AFBE247-EA35-4827-A759-8021BACD1027}.Release|x64.ActiveCfg = Release|x64
		{8AFBE247-EA35-4827-A759-8021BACD1027}.Release|x64.Build.0 = Release|x64
		{8AFBE247-EA35-4827-A759-8021BACD1027}.Release|x86.ActiveCfg = Release|Win32
		{8AFBE247-EA35-4827-A759-8021BACD1027}.Release|x86.Build.0 = Release|Win32
		{052A749F-2CB1-4565-9B6C-45BEA9BDF131}.Debug|x64.ActiveCfg = Debug|x64
		{052A749F-2CB1-4565-9B6C-45BEA9BDF131}.Debug|x64.Build.0 = Debug|x64
		{052A749F-2CB1-4565-9B6C-45BEA9BDF131}.Debug|x86.ActiveCfg = Debug|Win32
		{052A749F-2CB1-4565-9B6C-45BEA9BDF131}.Debug|x86.Build.0 = Debug|Win32
		{052A749F-2CB1-4565-9B6C-45BEA9BDF131}.Release|x64.ActiveCfg = Release|x64
		{052A749F-2CB1-4565-9B6C-45BEA9BDF131}.Release|x64.Build.0 = Release|x64
		{052A749F-2CB1-4565-9B6C-45BEA9BDF131}.Release|x86.ActiveCfg = Release|Win32
		{052A749F-2CB1-4565-9B6C-45BEA9BDF131}.Release|x86.Build.0 = Release|Win32
		{0178E6EA-78FB-46E1-9F5E-CD25E9985D69}.Debug|x64.ActiveCfg = Debug|x64
		{0178E6EA-78FB-46E1-9F5E-CD25E9985D69}.Debug|x64.Build.0 = Debug|x64
		{0178E6EA-78FB-46E1-9F5E-CD25E9985D69}.Debug|x86.ActiveCfg = Debug|Win32
		{0178E6EA-78FB-46E1-9F5E-CD25E9985D69}.Debug|x86.Build.0 = Debug|Win32
		{0178E6EA-78FB-46E1-9F5E-CD25E9985D69}.Release|x64.ActiveCfg = Release|x64
		{0178E6EA-78FB-46E1-9F5E-CD25E9985D69}.Release|x64.Build.0 = Release|x64
		{0178E6EA-78FB-46E1-9F5E-CD25E9985D69}.Release|x86.ActiveCfg = Release|Win32
		{0178E6EA-78FB-46E1-9F5E-CD25E9985D69}.Release|x86.Build.0 = Release|Win32
	EndGlobalSection
	GlobalSection(SolutionProperties) = preSolution
		HideSolutionNode = FALSE
	EndGlobalSection
	GlobalSection(ExtensibilityGlobals) = postSolution
		SolutionGuid = {684507F7-8668-4548-A8F8-BC0DE5BD89C3}
	EndGlobalSection
EndGlobal
