<?xml version="1.0" encoding="utf-8"?>
<Project ToolsVersion="4.0" xmlns="http://schemas.microsoft.com/developer/msbuild/2003">
  <ItemGroup>
    <ClInclude Include="..\..\src\Common\AssetProcessing\iModelLoader.h">
      <Filter>src\AssetProcessing</Filter>
    </ClInclude>
    <ClInclude Include="..\..\src\Common\Time\Timer.h">
      <Filter>src\Time</Filter>
    </ClInclude>
    <ClInclude Include="..\..\src\Common\AssetProcessing\AssetObjects.h">
      <Filter>src\AssetProcessing</Filter>
    </ClInclude>
    <ClInclude Include="..\..\src\Common\AssetProcessing\ModelLoader.h">
      <Filter>src\AssetProcessing</Filter>
    </ClInclude>
    <ClInclude Include="..\..\src\Common\AssetProcessing\iTextureReader.h">
      <Filter>src\AssetProcessing</Filter>
    </ClInclude>
    <ClInclude Include="..\..\src\Common\AssetProcessing\STBTextureReader.h">
      <Filter>src\AssetProcessing</Filter>
    </ClInclude>
  </ItemGroup>
  <ItemGroup>
    <ClCompile Include="..\..\src\Common\Time\Timer.cpp">
      <Filter>src\Time</Filter>
    </ClCompile>
    <ClCompile Include="..\..\src\Common\AssetProcessing\ModelLoader.cpp">
      <Filter>src\AssetProcessing</Filter>
    </ClCompile>
    <ClCompile Include="..\..\src\Common\AssetProcessing\STBTextureReader.cpp">
      <Filter>src\AssetProcessing</Filter>
    </ClCompile>
    <ClCompile Include="..\..\src\Common\AssetProcessing\AssetManager.cpp">
      <Filter>src\AssetProcessing</Filter>
    </ClCompile>
    <ClCompile Include="..\..\src\Common\AssetProcessing\AssetObjects.cpp">
      <Filter>src\AssetProcessing</Filter>
    </ClCompile>
  </ItemGroup>
  <ItemGroup>
    <Filter Include="src">
      <UniqueIdentifier>{efde5b6e-1595-4add-8ea7-4f28170181ea}</UniqueIdentifier>
    </Filter>
    <Filter Include="src\AssetProcessing">
      <UniqueIdentifier>{9050bddb-15f0-4e1d-ac41-5c8ed20637bd}</UniqueIdentifier>
    </Filter>
    <Filter Include="src\Time">
      <UniqueIdentifier>{dd125f02-9ac6-4556-8615-1652db9eb892}</UniqueIdentifier>
    </Filter>
  </ItemGroup>
</Project>