<?xml version="1.0" encoding="utf-8"?>
<Project ToolsVersion="4.0" xmlns="http://schemas.microsoft.com/developer/msbuild/2003">
  <ItemGroup>
    <ClCompile Include="pch.cpp" />
    <ClCompile Include="TextureAssetTests.cpp">
      <Filter>Tests</Filter>
    </ClCompile>
    <ClCompile Include="AssetManagerTests.cpp">
      <Filter>Tests</Filter>
    </ClCompile>
  </ItemGroup>
  <ItemGroup>
    <ClInclude Include="pch.h" />
  </ItemGroup>
  <ItemGroup>
    <None Include="packages.config" />
    <None Include="Resources\tex0.invalid">
      <Filter>Resources</Filter>
    </None>
  </ItemGroup>
  <ItemGroup>
    <Filter Include="Resources">
      <UniqueIdentifier>{9fc10b6b-7486-4217-904b-2578ab09e5fc}</UniqueIdentifier>
    </Filter>
    <Filter Include="Tests">
      <UniqueIdentifier>{39edf8e0-dfe5-44d4-94d5-93e81a38851f}</UniqueIdentifier>
    </Filter>
  </ItemGroup>
  <ItemGroup>
    <Image Include="Resources\tex0.png">
      <Filter>Resources</Filter>
    </Image>
    <Image Include="Resources\tex0.tga">
      <Filter>Resources</Filter>
    </Image>
    <Image Include="Resources\tex0.bmp">
      <Filter>Resources</Filter>
    </Image>
    <Image Include="Resources\tex0.jpg">
      <Filter>Resources</Filter>
    </Image>
  </ItemGroup>
</Project>