<?xml version="1.0" encoding="utf-8"?>
<Project ToolsVersion="4.0" xmlns="http://schemas.microsoft.com/developer/msbuild/2003">
  <ItemGroup>
    <Filter Include="Source Files">
      <UniqueIdentifier>{4FC737F1-C7A5-4376-A066-2A32D752A2FF}</UniqueIdentifier>
      <Extensions>cpp;c;cc;cxx;c++;def;odl;idl;hpj;bat;asm;asmx</Extensions>
    </Filter>
    <Filter Include="Header Files">
      <UniqueIdentifier>{93995380-89BD-4b04-88EB-625FBE52EBFB}</UniqueIdentifier>
      <Extensions>h;hh;hpp;hxx;h++;hm;inl;inc;ipp;xsd</Extensions>
    </Filter>
    <Filter Include="Resource Files">
      <UniqueIdentifier>{67DA6AB6-F800-4c08-8B7A-83BB121AAD01}</UniqueIdentifier>
      <Extensions>rc;ico;cur;bmp;dlg;rc2;rct;bin;rgs;gif;jpg;jpeg;jpe;resx;tiff;tif;png;wav;mfcribbon-ms</Extensions>
    </Filter>
    <Filter Include="Resources">
      <UniqueIdentifier>{71d954ec-7a28-446c-8d49-d30fbcedb58b}</UniqueIdentifier>
    </Filter>
    <Filter Include="Resources\Shaders">
      <UniqueIdentifier>{8f745fd4-0834-481c-8d93-e599595db933}</UniqueIdentifier>
    </Filter>
    <Filter Include="Extensions">
      <UniqueIdentifier>{3d6ab98c-8b52-463a-9170-612b730b1166}</UniqueIdentifier>
    </Filter>
    <Filter Include="External">
      <UniqueIdentifier>{12f5fc36-bd8d-4a6a-8ed1-fb93e13f454c}</UniqueIdentifier>
    </Filter>
    <Filter Include="External\SpirvReflect">
      <UniqueIdentifier>{5db63512-1cdd-43b7-9e0a-e5de32815bd4}</UniqueIdentifier>
    </Filter>
  </ItemGroup>
  <ItemGroup>
    <ClCompile Include="..\Main.cpp">
      <Filter>Source Files</Filter>
    </ClCompile>
    <ClCompile Include="..\External\SPIRV-Reflect-master\spirv_reflect.c">
      <Filter>External\SpirvReflect</Filter>
    </ClCompile>
  </ItemGroup>
  <ItemGroup>
    <None Include="..\Resources\Shaders\basic.frag">
      <Filter>Resources\Shaders</Filter>
    </None>
    <None Include="..\Resources\Shaders\basic.vert">
      <Filter>Resources\Shaders</Filter>
    </None>
  </ItemGroup>
  <ItemGroup>
    <ClInclude Include="..\External\SPIRV-Reflect-master\spirv_reflect.h">
      <Filter>External\SpirvReflect</Filter>
    </ClInclude>
    <ClInclude Include="Reflection.h">
      <Filter>Source Files</Filter>
    </ClInclude>
  </ItemGroup>
</Project>